// !$*UTF8*$!
{
	archiveVersion = 1;
	classes = {
	};
	objectVersion = 46;
	objects = {

/* Begin PBXBuildFile section */
		040251D71C613FF1007CAF51 /* main.m in Sources */ = {isa = PBXBuildFile; fileRef = 040251D61C613FF1007CAF51 /* main.m */; };
		040251DA1C613FF1007CAF51 /* AppDelegate.m in Sources */ = {isa = PBXBuildFile; fileRef = 040251D91C613FF1007CAF51 /* AppDelegate.m */; };
		040251E01C613FF1007CAF51 /* Main.storyboard in Resources */ = {isa = PBXBuildFile; fileRef = 040251DE1C613FF1007CAF51 /* Main.storyboard */; };
		040251E21C613FF1007CAF51 /* Assets.xcassets in Resources */ = {isa = PBXBuildFile; fileRef = 040251E11C613FF1007CAF51 /* Assets.xcassets */; };
		040251E51C613FF1007CAF51 /* LaunchScreen.storyboard in Resources */ = {isa = PBXBuildFile; fileRef = 040251E31C613FF1007CAF51 /* LaunchScreen.storyboard */; };
		040251EF1C6141E4007CAF51 /* Event.m in Sources */ = {isa = PBXBuildFile; fileRef = 040251EE1C6141E4007CAF51 /* Event.m */; };
		040251F21C614776007CAF51 /* Place.m in Sources */ = {isa = PBXBuildFile; fileRef = 040251F11C614776007CAF51 /* Place.m */; };
		040251F61C628114007CAF51 /* CultureCategoryTableViewController.m in Sources */ = {isa = PBXBuildFile; fileRef = 040251F51C628114007CAF51 /* CultureCategoryTableViewController.m */; };
		040251F91C628932007CAF51 /* CategoryCell.xib in Resources */ = {isa = PBXBuildFile; fileRef = 040251F81C628932007CAF51 /* CategoryCell.xib */; };
		040251FC1C628ADB007CAF51 /* CategoryCell.m in Sources */ = {isa = PBXBuildFile; fileRef = 040251FB1C628ADB007CAF51 /* CategoryCell.m */; };
		04379EDA1C6645B300931A9D /* EverliveSDK.framework in Frameworks */ = {isa = PBXBuildFile; fileRef = 04379ED81C66450C00931A9D /* EverliveSDK.framework */; };
		04379EE11C6672EB00931A9D /* EventsTableViewController.m in Sources */ = {isa = PBXBuildFile; fileRef = 04379EE01C6672EB00931A9D /* EventsTableViewController.m */; };
		04379EE41C667D8900931A9D /* EventDetailsViewController.m in Sources */ = {isa = PBXBuildFile; fileRef = 04379EE31C667D8900931A9D /* EventDetailsViewController.m */; };
		04379EEA1C66B5BB00931A9D /* EventTicketViewController.m in Sources */ = {isa = PBXBuildFile; fileRef = 04379EE91C66B5BB00931A9D /* EventTicketViewController.m */; };
		04379EEE1C67650A00931A9D /* EventCell.m in Sources */ = {isa = PBXBuildFile; fileRef = 04379EEC1C67650A00931A9D /* EventCell.m */; };
		04379EEF1C67650A00931A9D /* EventCell.xib in Resources */ = {isa = PBXBuildFile; fileRef = 04379EED1C67650A00931A9D /* EventCell.xib */; };
		04379EF31C67A98C00931A9D /* MapKit.framework in Frameworks */ = {isa = PBXBuildFile; fileRef = 04379EF21C67A98C00931A9D /* MapKit.framework */; };
		04379EF61C67AA2700931A9D /* PlacesLocationViewController.m in Sources */ = {isa = PBXBuildFile; fileRef = 04379EF51C67AA2700931A9D /* PlacesLocationViewController.m */; };
		04379EF91C67CFBB00931A9D /* PlaceOnMap.m in Sources */ = {isa = PBXBuildFile; fileRef = 04379EF81C67CFBB00931A9D /* PlaceOnMap.m */; };
		04CBE0401C654A8D0031890D /* CultureCategory.m in Sources */ = {isa = PBXBuildFile; fileRef = 04CBE03F1C654A8D0031890D /* CultureCategory.m */; };
		04CBE0431C655B490031890D /* PlacesTableViewController.m in Sources */ = {isa = PBXBuildFile; fileRef = 04CBE0421C655B490031890D /* PlacesTableViewController.m */; };
/* End PBXBuildFile section */

/* Begin PBXFileReference section */
		040251D21C613FF1007CAF51 /* CultureGuideApp.app */ = {isa = PBXFileReference; explicitFileType = wrapper.application; includeInIndex = 0; path = CultureGuideApp.app; sourceTree = BUILT_PRODUCTS_DIR; };
		040251D61C613FF1007CAF51 /* main.m */ = {isa = PBXFileReference; lastKnownFileType = sourcecode.c.objc; path = main.m; sourceTree = "<group>"; };
		040251D81C613FF1007CAF51 /* AppDelegate.h */ = {isa = PBXFileReference; lastKnownFileType = sourcecode.c.h; path = AppDelegate.h; sourceTree = "<group>"; };
		040251D91C613FF1007CAF51 /* AppDelegate.m */ = {isa = PBXFileReference; lastKnownFileType = sourcecode.c.objc; path = AppDelegate.m; sourceTree = "<group>"; };
		040251DF1C613FF1007CAF51 /* Base */ = {isa = PBXFileReference; lastKnownFileType = file.storyboard; name = Base; path = Base.lproj/Main.storyboard; sourceTree = "<group>"; };
		040251E11C613FF1007CAF51 /* Assets.xcassets */ = {isa = PBXFileReference; lastKnownFileType = folder.assetcatalog; path = Assets.xcassets; sourceTree = "<group>"; };
		040251E41C613FF1007CAF51 /* Base */ = {isa = PBXFileReference; lastKnownFileType = file.storyboard; name = Base; path = Base.lproj/LaunchScreen.storyboard; sourceTree = "<group>"; };
		040251E61C613FF1007CAF51 /* Info.plist */ = {isa = PBXFileReference; lastKnownFileType = text.plist.xml; path = Info.plist; sourceTree = "<group>"; };
		040251ED1C6141E4007CAF51 /* Event.h */ = {isa = PBXFileReference; fileEncoding = 4; lastKnownFileType = sourcecode.c.h; path = Event.h; sourceTree = "<group>"; };
		040251EE1C6141E4007CAF51 /* Event.m */ = {isa = PBXFileReference; fileEncoding = 4; lastKnownFileType = sourcecode.c.objc; path = Event.m; sourceTree = "<group>"; };
		040251F01C614776007CAF51 /* Place.h */ = {isa = PBXFileReference; fileEncoding = 4; lastKnownFileType = sourcecode.c.h; path = Place.h; sourceTree = "<group>"; };
		040251F11C614776007CAF51 /* Place.m */ = {isa = PBXFileReference; fileEncoding = 4; lastKnownFileType = sourcecode.c.objc; path = Place.m; sourceTree = "<group>"; };
		040251F41C628114007CAF51 /* CultureCategoryTableViewController.h */ = {isa = PBXFileReference; fileEncoding = 4; lastKnownFileType = sourcecode.c.h; path = CultureCategoryTableViewController.h; sourceTree = "<group>"; };
		040251F51C628114007CAF51 /* CultureCategoryTableViewController.m */ = {isa = PBXFileReference; fileEncoding = 4; lastKnownFileType = sourcecode.c.objc; path = CultureCategoryTableViewController.m; sourceTree = "<group>"; };
		040251F81C628932007CAF51 /* CategoryCell.xib */ = {isa = PBXFileReference; fileEncoding = 4; lastKnownFileType = file.xib; path = CategoryCell.xib; sourceTree = "<group>"; };
		040251FA1C628ADB007CAF51 /* CategoryCell.h */ = {isa = PBXFileReference; fileEncoding = 4; lastKnownFileType = sourcecode.c.h; path = CategoryCell.h; sourceTree = "<group>"; };
		040251FB1C628ADB007CAF51 /* CategoryCell.m */ = {isa = PBXFileReference; fileEncoding = 4; lastKnownFileType = sourcecode.c.objc; path = CategoryCell.m; sourceTree = "<group>"; };
		04379ED81C66450C00931A9D /* EverliveSDK.framework */ = {isa = PBXFileReference; lastKnownFileType = wrapper.framework; path = EverliveSDK.framework; sourceTree = "<group>"; };
		04379EDF1C6672EB00931A9D /* EventsTableViewController.h */ = {isa = PBXFileReference; fileEncoding = 4; lastKnownFileType = sourcecode.c.h; path = EventsTableViewController.h; sourceTree = "<group>"; };
		04379EE01C6672EB00931A9D /* EventsTableViewController.m */ = {isa = PBXFileReference; fileEncoding = 4; lastKnownFileType = sourcecode.c.objc; path = EventsTableViewController.m; sourceTree = "<group>"; };
		04379EE21C667D8900931A9D /* EventDetailsViewController.h */ = {isa = PBXFileReference; fileEncoding = 4; lastKnownFileType = sourcecode.c.h; path = EventDetailsViewController.h; sourceTree = "<group>"; };
		04379EE31C667D8900931A9D /* EventDetailsViewController.m */ = {isa = PBXFileReference; fileEncoding = 4; lastKnownFileType = sourcecode.c.objc; path = EventDetailsViewController.m; sourceTree = "<group>"; };
		04379EE81C66B5BB00931A9D /* EventTicketViewController.h */ = {isa = PBXFileReference; fileEncoding = 4; lastKnownFileType = sourcecode.c.h; path = EventTicketViewController.h; sourceTree = "<group>"; };
		04379EE91C66B5BB00931A9D /* EventTicketViewController.m */ = {isa = PBXFileReference; fileEncoding = 4; lastKnownFileType = sourcecode.c.objc; path = EventTicketViewController.m; sourceTree = "<group>"; };
		04379EEB1C67650A00931A9D /* EventCell.h */ = {isa = PBXFileReference; fileEncoding = 4; lastKnownFileType = sourcecode.c.h; path = EventCell.h; sourceTree = "<group>"; };
		04379EEC1C67650A00931A9D /* EventCell.m */ = {isa = PBXFileReference; fileEncoding = 4; lastKnownFileType = sourcecode.c.objc; path = EventCell.m; sourceTree = "<group>"; };
		04379EED1C67650A00931A9D /* EventCell.xib */ = {isa = PBXFileReference; fileEncoding = 4; lastKnownFileType = file.xib; path = EventCell.xib; sourceTree = "<group>"; };
		04379EF21C67A98C00931A9D /* MapKit.framework */ = {isa = PBXFileReference; lastKnownFileType = wrapper.framework; name = MapKit.framework; path = System/Library/Frameworks/MapKit.framework; sourceTree = SDKROOT; };
		04379EF41C67AA2700931A9D /* PlacesLocationViewController.h */ = {isa = PBXFileReference; fileEncoding = 4; lastKnownFileType = sourcecode.c.h; path = PlacesLocationViewController.h; sourceTree = "<group>"; };
		04379EF51C67AA2700931A9D /* PlacesLocationViewController.m */ = {isa = PBXFileReference; fileEncoding = 4; lastKnownFileType = sourcecode.c.objc; path = PlacesLocationViewController.m; sourceTree = "<group>"; };
		04379EF71C67CFBB00931A9D /* PlaceOnMap.h */ = {isa = PBXFileReference; fileEncoding = 4; lastKnownFileType = sourcecode.c.h; path = PlaceOnMap.h; sourceTree = "<group>"; };
		04379EF81C67CFBB00931A9D /* PlaceOnMap.m */ = {isa = PBXFileReference; fileEncoding = 4; lastKnownFileType = sourcecode.c.objc; path = PlaceOnMap.m; sourceTree = "<group>"; };
		04CBE03E1C654A8D0031890D /* CultureCategory.h */ = {isa = PBXFileReference; fileEncoding = 4; lastKnownFileType = sourcecode.c.h; path = CultureCategory.h; sourceTree = "<group>"; };
		04CBE03F1C654A8D0031890D /* CultureCategory.m */ = {isa = PBXFileReference; fileEncoding = 4; lastKnownFileType = sourcecode.c.objc; path = CultureCategory.m; sourceTree = "<group>"; };
		04CBE0411C655B490031890D /* PlacesTableViewController.h */ = {isa = PBXFileReference; fileEncoding = 4; lastKnownFileType = sourcecode.c.h; path = PlacesTableViewController.h; sourceTree = "<group>"; };
		04CBE0421C655B490031890D /* PlacesTableViewController.m */ = {isa = PBXFileReference; fileEncoding = 4; lastKnownFileType = sourcecode.c.objc; path = PlacesTableViewController.m; sourceTree = "<group>"; };
/* End PBXFileReference section */

/* Begin PBXFrameworksBuildPhase section */
		040251CF1C613FF1007CAF51 /* Frameworks */ = {
			isa = PBXFrameworksBuildPhase;
			buildActionMask = 2147483647;
			files = (
				04379EF31C67A98C00931A9D /* MapKit.framework in Frameworks */,
				04379EDA1C6645B300931A9D /* EverliveSDK.framework in Frameworks */,
			);
			runOnlyForDeploymentPostprocessing = 0;
		};
/* End PBXFrameworksBuildPhase section */

/* Begin PBXGroup section */
		040251C91C613FF1007CAF51 = {
			isa = PBXGroup;
			children = (
				04379EF21C67A98C00931A9D /* MapKit.framework */,
				04379ED81C66450C00931A9D /* EverliveSDK.framework */,
				040251D41C613FF1007CAF51 /* CultureGuideApp */,
				040251D31C613FF1007CAF51 /* Products */,
			);
			sourceTree = "<group>";
		};
		040251D31C613FF1007CAF51 /* Products */ = {
			isa = PBXGroup;
			children = (
				040251D21C613FF1007CAF51 /* CultureGuideApp.app */,
			);
			name = Products;
			sourceTree = "<group>";
		};
		040251D41C613FF1007CAF51 /* CultureGuideApp */ = {
			isa = PBXGroup;
			children = (
				040251F71C6288F0007CAF51 /* Views */,
				040251F31C627AFB007CAF51 /* ViewControllers */,
				040251EC1C6140F7007CAF51 /* Models */,
				040251D81C613FF1007CAF51 /* AppDelegate.h */,
				040251D91C613FF1007CAF51 /* AppDelegate.m */,
				040251DE1C613FF1007CAF51 /* Main.storyboard */,
				040251E11C613FF1007CAF51 /* Assets.xcassets */,
				040251E31C613FF1007CAF51 /* LaunchScreen.storyboard */,
				040251E61C613FF1007CAF51 /* Info.plist */,
				040251D51C613FF1007CAF51 /* Supporting Files */,
			);
			path = CultureGuideApp;
			sourceTree = "<group>";
		};
		040251D51C613FF1007CAF51 /* Supporting Files */ = {
			isa = PBXGroup;
			children = (
				040251D61C613FF1007CAF51 /* main.m */,
			);
			name = "Supporting Files";
			sourceTree = "<group>";
		};
		040251EC1C6140F7007CAF51 /* Models */ = {
			isa = PBXGroup;
			children = (
				040251ED1C6141E4007CAF51 /* Event.h */,
				040251EE1C6141E4007CAF51 /* Event.m */,
				040251F01C614776007CAF51 /* Place.h */,
				040251F11C614776007CAF51 /* Place.m */,
				04CBE03E1C654A8D0031890D /* CultureCategory.h */,
				04CBE03F1C654A8D0031890D /* CultureCategory.m */,
				04379EF71C67CFBB00931A9D /* PlaceOnMap.h */,
				04379EF81C67CFBB00931A9D /* PlaceOnMap.m */,
			);
			name = Models;
			sourceTree = "<group>";
		};
		040251F31C627AFB007CAF51 /* ViewControllers */ = {
			isa = PBXGroup;
			children = (
				04379EDF1C6672EB00931A9D /* EventsTableViewController.h */,
				04379EE01C6672EB00931A9D /* EventsTableViewController.m */,
				040251F41C628114007CAF51 /* CultureCategoryTableViewController.h */,
				040251F51C628114007CAF51 /* CultureCategoryTableViewController.m */,
				04CBE0411C655B490031890D /* PlacesTableViewController.h */,
				04CBE0421C655B490031890D /* PlacesTableViewController.m */,
				04379EE21C667D8900931A9D /* EventDetailsViewController.h */,
				04379EE31C667D8900931A9D /* EventDetailsViewController.m */,
				04379EE81C66B5BB00931A9D /* EventTicketViewController.h */,
				04379EE91C66B5BB00931A9D /* EventTicketViewController.m */,
				04379EF41C67AA2700931A9D /* PlacesLocationViewController.h */,
				04379EF51C67AA2700931A9D /* PlacesLocationViewController.m */,
			);
			name = ViewControllers;
			sourceTree = "<group>";
		};
		040251F71C6288F0007CAF51 /* Views */ = {
			isa = PBXGroup;
			children = (
				040251F81C628932007CAF51 /* CategoryCell.xib */,
				040251FA1C628ADB007CAF51 /* CategoryCell.h */,
				040251FB1C628ADB007CAF51 /* CategoryCell.m */,
				04379EEB1C67650A00931A9D /* EventCell.h */,
				04379EEC1C67650A00931A9D /* EventCell.m */,
				04379EED1C67650A00931A9D /* EventCell.xib */,
			);
			name = Views;
			sourceTree = "<group>";
		};
/* End PBXGroup section */

/* Begin PBXNativeTarget section */
		040251D11C613FF1007CAF51 /* CultureGuideApp */ = {
			isa = PBXNativeTarget;
			buildConfigurationList = 040251E91C613FF1007CAF51 /* Build configuration list for PBXNativeTarget "CultureGuideApp" */;
			buildPhases = (
				040251CE1C613FF1007CAF51 /* Sources */,
				040251CF1C613FF1007CAF51 /* Frameworks */,
				040251D01C613FF1007CAF51 /* Resources */,
			);
			buildRules = (
			);
			dependencies = (
			);
			name = CultureGuideApp;
			productName = CultureGuideApp;
			productReference = 040251D21C613FF1007CAF51 /* CultureGuideApp.app */;
			productType = "com.apple.product-type.application";
		};
/* End PBXNativeTarget section */

/* Begin PBXProject section */
		040251CA1C613FF1007CAF51 /* Project object */ = {
			isa = PBXProject;
			attributes = {
				LastUpgradeCheck = 0720;
				ORGANIZATIONNAME = EA;
				TargetAttributes = {
					040251D11C613FF1007CAF51 = {
						CreatedOnToolsVersion = 7.2;
						SystemCapabilities = {
							com.apple.Maps.iOS = {
								enabled = 1;
							};
						};
					};
				};
			};
			buildConfigurationList = 040251CD1C613FF1007CAF51 /* Build configuration list for PBXProject "CultureGuideApp" */;
			compatibilityVersion = "Xcode 3.2";
			developmentRegion = English;
			hasScannedForEncodings = 0;
			knownRegions = (
				en,
				Base,
			);
			mainGroup = 040251C91C613FF1007CAF51;
			productRefGroup = 040251D31C613FF1007CAF51 /* Products */;
			projectDirPath = "";
			projectRoot = "";
			targets = (
				040251D11C613FF1007CAF51 /* CultureGuideApp */,
			);
		};
/* End PBXProject section */

/* Begin PBXResourcesBuildPhase section */
		040251D01C613FF1007CAF51 /* Resources */ = {
			isa = PBXResourcesBuildPhase;
			buildActionMask = 2147483647;
			files = (
				04379EEF1C67650A00931A9D /* EventCell.xib in Resources */,
				040251E51C613FF1007CAF51 /* LaunchScreen.storyboard in Resources */,
				040251E21C613FF1007CAF51 /* Assets.xcassets in Resources */,
				040251E01C613FF1007CAF51 /* Main.storyboard in Resources */,
				040251F91C628932007CAF51 /* CategoryCell.xib in Resources */,
			);
			runOnlyForDeploymentPostprocessing = 0;
		};
/* End PBXResourcesBuildPhase section */

/* Begin PBXSourcesBuildPhase section */
		040251CE1C613FF1007CAF51 /* Sources */ = {
			isa = PBXSourcesBuildPhase;
			buildActionMask = 2147483647;
			files = (
				04CBE0401C654A8D0031890D /* CultureCategory.m in Sources */,
				040251F21C614776007CAF51 /* Place.m in Sources */,
				040251EF1C6141E4007CAF51 /* Event.m in Sources */,
				040251F61C628114007CAF51 /* CultureCategoryTableViewController.m in Sources */,
				040251FC1C628ADB007CAF51 /* CategoryCell.m in Sources */,
				04379EE41C667D8900931A9D /* EventDetailsViewController.m in Sources */,
				04CBE0431C655B490031890D /* PlacesTableViewController.m in Sources */,
				040251DA1C613FF1007CAF51 /* AppDelegate.m in Sources */,
				04379EEE1C67650A00931A9D /* EventCell.m in Sources */,
				04379EF61C67AA2700931A9D /* PlacesLocationViewController.m in Sources */,
				04379EE11C6672EB00931A9D /* EventsTableViewController.m in Sources */,
				040251D71C613FF1007CAF51 /* main.m in Sources */,
				04379EEA1C66B5BB00931A9D /* EventTicketViewController.m in Sources */,
				04379EF91C67CFBB00931A9D /* PlaceOnMap.m in Sources */,
			);
			runOnlyForDeploymentPostprocessing = 0;
		};
/* End PBXSourcesBuildPhase section */

/* Begin PBXVariantGroup section */
		040251DE1C613FF1007CAF51 /* Main.storyboard */ = {
			isa = PBXVariantGroup;
			children = (
				040251DF1C613FF1007CAF51 /* Base */,
			);
			name = Main.storyboard;
			sourceTree = "<group>";
		};
		040251E31C613FF1007CAF51 /* LaunchScreen.storyboard */ = {
			isa = PBXVariantGroup;
			children = (
				040251E41C613FF1007CAF51 /* Base */,
			);
			name = LaunchScreen.storyboard;
			sourceTree = "<group>";
		};
/* End PBXVariantGroup section */

/* Begin XCBuildConfiguration section */
		040251E71C613FF1007CAF51 /* Debug */ = {
			isa = XCBuildConfiguration;
			buildSettings = {
				ALWAYS_SEARCH_USER_PATHS = NO;
				CLANG_CXX_LANGUAGE_STANDARD = "gnu++0x";
				CLANG_CXX_LIBRARY = "libc++";
				CLANG_ENABLE_MODULES = YES;
				CLANG_ENABLE_OBJC_ARC = YES;
				CLANG_WARN_BOOL_CONVERSION = YES;
				CLANG_WARN_CONSTANT_CONVERSION = YES;
				CLANG_WARN_DIRECT_OBJC_ISA_USAGE = YES_ERROR;
				CLANG_WARN_EMPTY_BODY = YES;
				CLANG_WARN_ENUM_CONVERSION = YES;
				CLANG_WARN_INT_CONVERSION = YES;
				CLANG_WARN_OBJC_ROOT_CLASS = YES_ERROR;
				CLANG_WARN_UNREACHABLE_CODE = YES;
				CLANG_WARN__DUPLICATE_METHOD_MATCH = YES;
				"CODE_SIGN_IDENTITY[sdk=iphoneos*]" = "iPhone Developer";
				COPY_PHASE_STRIP = NO;
				DEBUG_INFORMATION_FORMAT = dwarf;
				ENABLE_STRICT_OBJC_MSGSEND = YES;
				ENABLE_TESTABILITY = YES;
				GCC_C_LANGUAGE_STANDARD = gnu99;
				GCC_DYNAMIC_NO_PIC = NO;
				GCC_NO_COMMON_BLOCKS = YES;
				GCC_OPTIMIZATION_LEVEL = 0;
				GCC_PREPROCESSOR_DEFINITIONS = (
					"DEBUG=1",
					"$(inherited)",
				);
				GCC_WARN_64_TO_32_BIT_CONVERSION = YES;
				GCC_WARN_ABOUT_RETURN_TYPE = YES_ERROR;
				GCC_WARN_UNDECLARED_SELECTOR = YES;
				GCC_WARN_UNINITIALIZED_AUTOS = YES_AGGRESSIVE;
				GCC_WARN_UNUSED_FUNCTION = YES;
				GCC_WARN_UNUSED_VARIABLE = YES;
				IPHONEOS_DEPLOYMENT_TARGET = 9.2;
				MTL_ENABLE_DEBUG_INFO = YES;
				ONLY_ACTIVE_ARCH = YES;
				"OTHER_LDFLAGS[arch=*]" = "-ObjC";
				SDKROOT = iphoneos;
				TARGETED_DEVICE_FAMILY = "1,2";
			};
			name = Debug;
		};
		040251E81C613FF1007CAF51 /* Release */ = {
			isa = XCBuildConfiguration;
			buildSettings = {
				ALWAYS_SEARCH_USER_PATHS = NO;
				CLANG_CXX_LANGUAGE_STANDARD = "gnu++0x";
				CLANG_CXX_LIBRARY = "libc++";
				CLANG_ENABLE_MODULES = YES;
				CLANG_ENABLE_OBJC_ARC = YES;
				CLANG_WARN_BOOL_CONVERSION = YES;
				CLANG_WARN_CONSTANT_CONVERSION = YES;
				CLANG_WARN_DIRECT_OBJC_ISA_USAGE = YES_ERROR;
				CLANG_WARN_EMPTY_BODY = YES;
				CLANG_WARN_ENUM_CONVERSION = YES;
				CLANG_WARN_INT_CONVERSION = YES;
				CLANG_WARN_OBJC_ROOT_CLASS = YES_ERROR;
				CLANG_WARN_UNREACHABLE_CODE = YES;
				CLANG_WARN__DUPLICATE_METHOD_MATCH = YES;
				"CODE_SIGN_IDENTITY[sdk=iphoneos*]" = "iPhone Developer";
				COPY_PHASE_STRIP = NO;
				DEBUG_INFORMATION_FORMAT = "dwarf-with-dsym";
				ENABLE_NS_ASSERTIONS = NO;
				ENABLE_STRICT_OBJC_MSGSEND = YES;
				GCC_C_LANGUAGE_STANDARD = gnu99;
				GCC_NO_COMMON_BLOCKS = YES;
				GCC_WARN_64_TO_32_BIT_CONVERSION = YES;
				GCC_WARN_ABOUT_RETURN_TYPE = YES_ERROR;
				GCC_WARN_UNDECLARED_SELECTOR = YES;
				GCC_WARN_UNINITIALIZED_AUTOS = YES_AGGRESSIVE;
				GCC_WARN_UNUSED_FUNCTION = YES;
				GCC_WARN_UNUSED_VARIABLE = YES;
				IPHONEOS_DEPLOYMENT_TARGET = 9.2;
				MTL_ENABLE_DEBUG_INFO = NO;
				"OTHER_LDFLAGS[arch=*]" = "-ObjC";
				SDKROOT = iphoneos;
				TARGETED_DEVICE_FAMILY = "1,2";
				VALIDATE_PRODUCT = YES;
			};
			name = Release;
		};
		040251EA1C613FF1007CAF51 /* Debug */ = {
			isa = XCBuildConfiguration;
			buildSettings = {
				ASSETCATALOG_COMPILER_APPICON_NAME = AppIcon;
				FRAMEWORK_SEARCH_PATHS = (
					"$(inherited)",
					"$(PROJECT_DIR)",
				);
				INFOPLIST_FILE = CultureGuideApp/Info.plist;
				LD_RUNPATH_SEARCH_PATHS = "$(inherited) @executable_path/Frameworks";
				PRODUCT_BUNDLE_IDENTIFIER = EA.CultureGuideApp;
				PRODUCT_NAME = "$(TARGET_NAME)";
			};
			name = Debug;
		};
		040251EB1C613FF1007CAF51 /* Release */ = {
			isa = XCBuildConfiguration;
			buildSettings = {
				ASSETCATALOG_COMPILER_APPICON_NAME = AppIcon;
				FRAMEWORK_SEARCH_PATHS = (
					"$(inherited)",
					"$(PROJECT_DIR)",
				);
				INFOPLIST_FILE = CultureGuideApp/Info.plist;
				LD_RUNPATH_SEARCH_PATHS = "$(inherited) @executable_path/Frameworks";
				PRODUCT_BUNDLE_IDENTIFIER = EA.CultureGuideApp;
				PRODUCT_NAME = "$(TARGET_NAME)";
			};
			name = Release;
		};
/* End XCBuildConfiguration section */

/* Begin XCConfigurationList section */
		040251CD1C613FF1007CAF51 /* Build configuration list for PBXProject "CultureGuideApp" */ = {
			isa = XCConfigurationList;
			buildConfigurations = (
				040251E71C613FF1007CAF51 /* Debug */,
				040251E81C613FF1007CAF51 /* Release */,
			);
			defaultConfigurationIsVisible = 0;
			defaultConfigurationName = Release;
		};
		040251E91C613FF1007CAF51 /* Build configuration list for PBXNativeTarget "CultureGuideApp" */ = {
			isa = XCConfigurationList;
			buildConfigurations = (
				040251EA1C613FF1007CAF51 /* Debug */,
				040251EB1C613FF1007CAF51 /* Release */,
			);
			defaultConfigurationIsVisible = 0;
			defaultConfigurationName = Release;
		};
/* End XCConfigurationList section */
	};
	rootObject = 040251CA1C613FF1007CAF51 /* Project object */;
}
